
Microsoft Visual Studio Solution File, Format Version 12.00
# Visual Studio 14
VisualStudioVersion = 14.0.25123.0
MinimumVisualStudioVersion = 10.0.40219.1
Project("{FAE04EC0-301F-11D3-BF4B-00C04F79EFBC}") = "test", "test\test.csproj", "{03A43B55-C237-450C-BAEA-523C01570F1C}"
EndProject
Project("{FAE04EC0-301F-11D3-BF4B-00C04F79EFBC}") = "ReflectiveDllScaner", "reflectivedllscanner\ReflectiveDllScaner.csproj", "{C5F4DAF8-CA9C-4DAE-BAAE-364ECB37DB68}"
EndProject
Project("{2150E333-8FDC-42A3-9474-1A3956D46DE8}") = "Memory Scanners", "Memory Scanners", "{811AD93D-F7C5-4DB8-AC7B-CBF8E84579F9}"
EndProject
Project("{2150E333-8FDC-42A3-9474-1A3956D46DE8}") = "Realtime", "Realtime", "{5B22B49B-7DCD-445B-B689-328D3BF021EC}"
EndProject
Project("{FAE04EC0-301F-11D3-BF4B-00C04F79EFBC}") = "etwtracker", "etwproc2\etwtracker.csproj", "{315D881D-43AD-40D4-86FB-9B68DAABB251}"
EndProject
Project("{FAE04EC0-301F-11D3-BF4B-00C04F79EFBC}") = "exeheaderscanner", "exeheaderscanner\exeheaderscanner.csproj", "{8237971C-DE87-480D-8205-46C6B3B68B62}"
EndProject
Project("{2150E333-8FDC-42A3-9474-1A3956D46DE8}") = "Attacks", "Attacks", "{D277ACFB-848A-4C3A-A07E-5D97479F0E74}"
EndProject
Project("{8BC9CEB8-8B4A-11D0-8D11-00A0C91BC942}") = "HeaderWiper", "HeaderWiper\HeaderWiper.vcxproj", "{2779BB77-A3E1-4B00-B74D-DD94DC6F2599}"
EndProject
Global
	GlobalSection(SolutionConfigurationPlatforms) = preSolution
		Debug|Any CPU = Debug|Any CPU
		Debug|x64 = Debug|x64
		Debug|x86 = Debug|x86
		Release|Any CPU = Release|Any CPU
		Release|x64 = Release|x64
		Release|x86 = Release|x86
	EndGlobalSection
	GlobalSection(ProjectConfigurationPlatforms) = postSolution
		{03A43B55-C237-450C-BAEA-523C01570F1C}.Debug|Any CPU.ActiveCfg = Debug|Any CPU
		{03A43B55-C237-450C-BAEA-523C01570F1C}.Debug|Any CPU.Build.0 = Debug|Any CPU
		{03A43B55-C237-450C-BAEA-523C01570F1C}.Debug|x64.ActiveCfg = Debug|Any CPU
		{03A43B55-C237-450C-BAEA-523C01570F1C}.Debug|x64.Build.0 = Debug|Any CPU
		{03A43B55-C237-450C-BAEA-523C01570F1C}.Debug|x86.ActiveCfg = Debug|Any CPU
		{03A43B55-C237-450C-BAEA-523C01570F1C}.Debug|x86.Build.0 = Debug|Any CPU
		{03A43B55-C237-450C-BAEA-523C01570F1C}.Release|Any CPU.ActiveCfg = Release|Any CPU
		{03A43B55-C237-450C-BAEA-523C01570F1C}.Release|Any CPU.Build.0 = Release|Any CPU
		{03A43B55-C237-450C-BAEA-523C01570F1C}.Release|x64.ActiveCfg = Release|Any CPU
		{03A43B55-C237-450C-BAEA-523C01570F1C}.Release|x64.Build.0 = Release|Any CPU
		{03A43B55-C237-450C-BAEA-523C01570F1C}.Release|x86.ActiveCfg = Release|Any CPU
		{03A43B55-C237-450C-BAEA-523C01570F1C}.Release|x86.Build.0 = Release|Any CPU
		{C5F4DAF8-CA9C-4DAE-BAAE-364ECB37DB68}.Debug|Any CPU.ActiveCfg = Debug|Any CPU
		{C5F4DAF8-CA9C-4DAE-BAAE-364ECB37DB68}.Debug|Any CPU.Build.0 = Debug|Any CPU
		{C5F4DAF8-CA9C-4DAE-BAAE-364ECB37DB68}.Debug|x64.ActiveCfg = Debug|Any CPU
		{C5F4DAF8-CA9C-4DAE-BAAE-364ECB37DB68}.Debug|x64.Build.0 = Debug|Any CPU
		{C5F4DAF8-CA9C-4DAE-BAAE-364ECB37DB68}.Debug|x86.ActiveCfg = Debug|Any CPU
		{C5F4DAF8-CA9C-4DAE-BAAE-364ECB37DB68}.Debug|x86.Build.0 = Debug|Any CPU
		{C5F4DAF8-CA9C-4DAE-BAAE-364ECB37DB68}.Release|Any CPU.ActiveCfg = Release|Any CPU
		{C5F4DAF8-CA9C-4DAE-BAAE-364ECB37DB68}.Release|Any CPU.Build.0 = Release|Any CPU
		{C5F4DAF8-CA9C-4DAE-BAAE-364ECB37DB68}.Release|x64.ActiveCfg = Release|Any CPU
		{C5F4DAF8-CA9C-4DAE-BAAE-364ECB37DB68}.Release|x64.Build.0 = Release|Any CPU
		{C5F4DAF8-CA9C-4DAE-BAAE-364ECB37DB68}.Release|x86.ActiveCfg = Release|Any CPU
		{C5F4DAF8-CA9C-4DAE-BAAE-364ECB37DB68}.Release|x86.Build.0 = Release|Any CPU
		{315D881D-43AD-40D4-86FB-9B68DAABB251}.Debug|Any CPU.ActiveCfg = Debug|Any CPU
		{315D881D-43AD-40D4-86FB-9B68DAABB251}.Debug|Any CPU.Build.0 = Debug|Any CPU
		{315D881D-43AD-40D4-86FB-9B68DAABB251}.Debug|x64.ActiveCfg = Debug|Any CPU
		{315D881D-43AD-40D4-86FB-9B68DAABB251}.Debug|x64.Build.0 = Debug|Any CPU
		{315D881D-43AD-40D4-86FB-9B68DAABB251}.Debug|x86.ActiveCfg = Debug|Any CPU
		{315D881D-43AD-40D4-86FB-9B68DAABB251}.Debug|x86.Build.0 = Debug|Any CPU
		{315D881D-43AD-40D4-86FB-9B68DAABB251}.Release|Any CPU.ActiveCfg = Release|Any CPU
		{315D881D-43AD-40D4-86FB-9B68DAABB251}.Release|Any CPU.Build.0 = Release|Any CPU
		{315D881D-43AD-40D4-86FB-9B68DAABB251}.Release|x64.ActiveCfg = Release|Any CPU
		{315D881D-43AD-40D4-86FB-9B68DAABB251}.Release|x64.Build.0 = Release|Any CPU
		{315D881D-43AD-40D4-86FB-9B68DAABB251}.Release|x86.ActiveCfg = Release|Any CPU
		{315D881D-43AD-40D4-86FB-9B68DAABB251}.Release|x86.Build.0 = Release|Any CPU
		{8237971C-DE87-480D-8205-46C6B3B68B62}.Debug|Any CPU.ActiveCfg = Debug|x64
		{8237971C-DE87-480D-8205-46C6B3B68B62}.Debug|Any CPU.Build.0 = Debug|x64
		{8237971C-DE87-480D-8205-46C6B3B68B62}.Debug|x64.ActiveCfg = Debug|Any CPU
		{8237971C-DE87-480D-8205-46C6B3B68B62}.Debug|x64.Build.0 = Debug|Any CPU
		{8237971C-DE87-480D-8205-46C6B3B68B62}.Debug|x86.ActiveCfg = Debug|Any CPU
		{8237971C-DE87-480D-8205-46C6B3B68B62}.Debug|x86.Build.0 = Debug|Any CPU
		{8237971C-DE87-480D-8205-46C6B3B68B62}.Release|Any CPU.ActiveCfg = Release|Any CPU
		{8237971C-DE87-480D-8205-46C6B3B68B62}.Release|Any CPU.Build.0 = Release|Any CPU
		{8237971C-DE87-480D-8205-46C6B3B68B62}.Release|x64.ActiveCfg = Release|Any CPU
		{8237971C-DE87-480D-8205-46C6B3B68B62}.Release|x64.Build.0 = Release|Any CPU
		{8237971C-DE87-480D-8205-46C6B3B68B62}.Release|x86.ActiveCfg = Release|Any CPU
		{8237971C-DE87-480D-8205-46C6B3B68B62}.Release|x86.Build.0 = Release|Any CPU
		{2779BB77-A3E1-4B00-B74D-DD94DC6F2599}.Debug|Any CPU.ActiveCfg = Debug|x64
		{2779BB77-A3E1-4B00-B74D-DD94DC6F2599}.Debug|x64.ActiveCfg = Debug|x64
		{2779BB77-A3E1-4B00-B74D-DD94DC6F2599}.Debug|x64.Build.0 = Debug|x64
		{2779BB77-A3E1-4B00-B74D-DD94DC6F2599}.Debug|x86.ActiveCfg = Debug|Win32
		{2779BB77-A3E1-4B00-B74D-DD94DC6F2599}.Debug|x86.Build.0 = Debug|Win32
		{2779BB77-A3E1-4B00-B74D-DD94DC6F2599}.Release|Any CPU.ActiveCfg = Release|Win32
		{2779BB77-A3E1-4B00-B74D-DD94DC6F2599}.Release|x64.ActiveCfg = Release|x64
		{2779BB77-A3E1-4B00-B74D-DD94DC6F2599}.Release|x64.Build.0 = Release|x64
		{2779BB77-A3E1-4B00-B74D-DD94DC6F2599}.Release|x86.ActiveCfg = Release|Win32
		{2779BB77-A3E1-4B00-B74D-DD94DC6F2599}.Release|x86.Build.0 = Release|Win32
	EndGlobalSection
	GlobalSection(SolutionProperties) = preSolution
		HideSolutionNode = FALSE
	EndGlobalSection
	GlobalSection(NestedProjects) = preSolution
		{C5F4DAF8-CA9C-4DAE-BAAE-364ECB37DB68} = {811AD93D-F7C5-4DB8-AC7B-CBF8E84579F9}
		{315D881D-43AD-40D4-86FB-9B68DAABB251} = {5B22B49B-7DCD-445B-B689-328D3BF021EC}
		{8237971C-DE87-480D-8205-46C6B3B68B62} = {811AD93D-F7C5-4DB8-AC7B-CBF8E84579F9}
		{2779BB77-A3E1-4B00-B74D-DD94DC6F2599} = {D277ACFB-848A-4C3A-A07E-5D97479F0E74}
	EndGlobalSection
EndGlobal
